
Microsoft Visual Studio Solution File, Format Version 12.00
# Visual Studio Version 17
VisualStudioVersion = 17.11.35303.130
MinimumVisualStudioVersion = 10.0.40219.1
Project("{FAE04EC0-301F-11D3-BF4B-00C04F79EFBC}") = "xadrez-oop-terminal", "xadrez-oop-terminal\xadrez-oop-terminal.csproj", "{157C8479-D8B7-4AFA-8B71-3E5140350576}"
EndProject
Global
	GlobalSection(SolutionConfigurationPlatforms) = preSolution
		Debug|Any CPU = Debug|Any CPU
		Release|Any CPU = Release|Any CPU
	EndGlobalSection
	GlobalSection(ProjectConfigurationPlatforms) = postSolution
		{157C8479-D8B7-4AFA-8B71-3E5140350576}.Debug|Any CPU.ActiveCfg = Debug|Any CPU
		{157C8479-D8B7-4AFA-8B71-3E5140350576}.Debug|Any CPU.Build.0 = Debug|Any CPU
		{157C8479-D8B7-4AFA-8B71-3E5140350576}.Release|Any CPU.ActiveCfg = Release|Any CPU
		{157C8479-D8B7-4AFA-8B71-3E5140350576}.Release|Any CPU.Build.0 = Release|Any CPU
	EndGlobalSection
	GlobalSection(SolutionProperties) = preSolution
		HideSolutionNode = FALSE
	EndGlobalSection
	GlobalSection(ExtensibilityGlobals) = postSolution
		SolutionGuid = {CD16A427-4891-4380-9B3B-11D698DEC897}
	EndGlobalSection
EndGlobal
